// !$*UTF8*$!
{
	archiveVersion = 1;
	classes = {
	};
	objectVersion = 52;
	objects = {

/* Begin PBXBuildFile section */
		BC58FC5D259AB2810061F382 /* GoogleService-Info.plist in Resources */ = {isa = PBXBuildFile; fileRef = BC58FC5C259AB2810061F382 /* GoogleService-Info.plist */; };
		BC58FC64259AB6B80061F382 /* AppDelegate.swift in Sources */ = {isa = PBXBuildFile; fileRef = BC58FC63259AB6B80061F382 /* AppDelegate.swift */; };
		BC58FC6D259AC8BD0061F382 /* ScoreRepository.swift in Sources */ = {isa = PBXBuildFile; fileRef = BC58FC6C259AC8BD0061F382 /* ScoreRepository.swift */; };
		BC58FC71259AC9D30061F382 /* Score.swift in Sources */ = {isa = PBXBuildFile; fileRef = BC58FC70259AC9D30061F382 /* Score.swift */; };
		BC58FC7C259ACED80061F382 /* ScoreListViewModel.swift in Sources */ = {isa = PBXBuildFile; fileRef = BC58FC7B259ACED80061F382 /* ScoreListViewModel.swift */; };
		BC58FC7F259AE8850061F382 /* SubmitScoreView.swift in Sources */ = {isa = PBXBuildFile; fileRef = BC58FC7E259AE8850061F382 /* SubmitScoreView.swift */; };
		BC58FC82259BF9600061F382 /* StartView.swift in Sources */ = {isa = PBXBuildFile; fileRef = BC58FC81259BF9600061F382 /* StartView.swift */; };
		BC58FCC725A93E470061F382 /* FilledButtonStyle.swift in Sources */ = {isa = PBXBuildFile; fileRef = BC58FCC625A93E470061F382 /* FilledButtonStyle.swift */; };
		BC58FCCB25ABBFFA0061F382 /* PressStart2P-vaV7.ttf in Resources */ = {isa = PBXBuildFile; fileRef = BC58FCCA25ABBFE10061F382 /* PressStart2P-vaV7.ttf */; };
		BC58FCCE25ABC29F0061F382 /* CustomFont.swift in Sources */ = {isa = PBXBuildFile; fileRef = BC58FCCD25ABC29F0061F382 /* CustomFont.swift */; };
		BC58FCD225ABE35B0061F382 /* ScoreViewModel.swift in Sources */ = {isa = PBXBuildFile; fileRef = BC58FCD125ABE35B0061F382 /* ScoreViewModel.swift */; };
		BC58FCD625B12F740061F382 /* ScoreView.swift in Sources */ = {isa = PBXBuildFile; fileRef = BC58FCD525B12F740061F382 /* ScoreView.swift */; };
		BC58FCDB25B3A5EB0061F382 /* AuthenticationService.swift in Sources */ = {isa = PBXBuildFile; fileRef = BC58FCDA25B3A5EB0061F382 /* AuthenticationService.swift */; };
		BC58FCE025B3A8ED0061F382 /* FirebaseAuth in Frameworks */ = {isa = PBXBuildFile; productRef = BC58FCDF25B3A8ED0061F382 /* FirebaseAuth */; };
		BC58FCE225B3A8ED0061F382 /* FirebaseFirestore in Frameworks */ = {isa = PBXBuildFile; productRef = BC58FCE125B3A8ED0061F382 /* FirebaseFirestore */; };
		BC58FCE425B3A8ED0061F382 /* FirebaseFirestoreSwift-Beta in Frameworks */ = {isa = PBXBuildFile; productRef = BC58FCE325B3A8ED0061F382 /* FirebaseFirestoreSwift-Beta */; };
		BC58FCE825B3E6680061F382 /* ScoreListView.swift in Sources */ = {isa = PBXBuildFile; fileRef = BC58FCE725B3E6680061F382 /* ScoreListView.swift */; };
		BC58FCED25B51A880061F382 /* StartViewModel.swift in Sources */ = {isa = PBXBuildFile; fileRef = BC58FCEC25B51A880061F382 /* StartViewModel.swift */; };
		BC58FCF025B541150061F382 /* BorderButtonStyle.swift in Sources */ = {isa = PBXBuildFile; fileRef = BC58FCEF25B541150061F382 /* BorderButtonStyle.swift */; };
		BC598ADC261283B500376541 /* TwelveFlagsTests.swift in Sources */ = {isa = PBXBuildFile; fileRef = BC598ADB261283B500376541 /* TwelveFlagsTests.swift */; };
		BC5D1A45252966950039A0D9 /* TwelveFlagsApp.swift in Sources */ = {isa = PBXBuildFile; fileRef = BC5D1A44252966950039A0D9 /* TwelveFlagsApp.swift */; };
		BC5D1A47252966950039A0D9 /* ContentView.swift in Sources */ = {isa = PBXBuildFile; fileRef = BC5D1A46252966950039A0D9 /* ContentView.swift */; };
		BC5D1A49252966970039A0D9 /* Assets.xcassets in Resources */ = {isa = PBXBuildFile; fileRef = BC5D1A48252966970039A0D9 /* Assets.xcassets */; };
		BC5D1A4C252966970039A0D9 /* Preview Assets.xcassets in Resources */ = {isa = PBXBuildFile; fileRef = BC5D1A4B252966970039A0D9 /* Preview Assets.xcassets */; };
		BC86B37525F41D3600EEE70A /* TwelveFlagsUITests.swift in Sources */ = {isa = PBXBuildFile; fileRef = BC86B37425F41D3600EEE70A /* TwelveFlagsUITests.swift */; };
		BC86B37F25F4353D00EEE70A /* SnapshotHelper.swift in Sources */ = {isa = PBXBuildFile; fileRef = BC86B37E25F4353D00EEE70A /* SnapshotHelper.swift */; };
		BC8D22D225771E01001B143E /* FloatingNoticeView.swift in Sources */ = {isa = PBXBuildFile; fileRef = BC8D22D125771E01001B143E /* FloatingNoticeView.swift */; };
		BC8D22D825774C00001B143E /* FloatingNoticeViewModel.swift in Sources */ = {isa = PBXBuildFile; fileRef = BC8D22D725774C00001B143E /* FloatingNoticeViewModel.swift */; };
		BC8D22DF258D6C2E001B143E /* View+Glow.swift in Sources */ = {isa = PBXBuildFile; fileRef = BC8D22DE258D6C2E001B143E /* View+Glow.swift */; };
		BCB997D9256F333600BACDBC /* ContentViewModel.swift in Sources */ = {isa = PBXBuildFile; fileRef = BCB997D8256F333600BACDBC /* ContentViewModel.swift */; };
/* End PBXBuildFile section */

/* Begin PBXContainerItemProxy section */
		BC598ADE261283B500376541 /* PBXContainerItemProxy */ = {
			isa = PBXContainerItemProxy;
			containerPortal = BC5D1A39252966950039A0D9 /* Project object */;
			proxyType = 1;
			remoteGlobalIDString = BC5D1A40252966950039A0D9;
			remoteInfo = TwelveFlags;
		};
		BC86B37725F41D3600EEE70A /* PBXContainerItemProxy */ = {
			isa = PBXContainerItemProxy;
			containerPortal = BC5D1A39252966950039A0D9 /* Project object */;
			proxyType = 1;
			remoteGlobalIDString = BC5D1A40252966950039A0D9;
			remoteInfo = TwelveFlags;
		};
/* End PBXContainerItemProxy section */

/* Begin PBXFileReference section */
		BC58FC5C259AB2810061F382 /* GoogleService-Info.plist */ = {isa = PBXFileReference; fileEncoding = 4; lastKnownFileType = text.plist.xml; path = "GoogleService-Info.plist"; sourceTree = "<group>"; };
		BC58FC63259AB6B80061F382 /* AppDelegate.swift */ = {isa = PBXFileReference; lastKnownFileType = sourcecode.swift; path = AppDelegate.swift; sourceTree = "<group>"; };
		BC58FC6C259AC8BD0061F382 /* ScoreRepository.swift */ = {isa = PBXFileReference; lastKnownFileType = sourcecode.swift; path = ScoreRepository.swift; sourceTree = "<group>"; };
		BC58FC70259AC9D30061F382 /* Score.swift */ = {isa = PBXFileReference; lastKnownFileType = sourcecode.swift; path = Score.swift; sourceTree = "<group>"; };
		BC58FC7B259ACED80061F382 /* ScoreListViewModel.swift */ = {isa = PBXFileReference; lastKnownFileType = sourcecode.swift; path = ScoreListViewModel.swift; sourceTree = "<group>"; };
		BC58FC7E259AE8850061F382 /* SubmitScoreView.swift */ = {isa = PBXFileReference; lastKnownFileType = sourcecode.swift; path = SubmitScoreView.swift; sourceTree = "<group>"; };
		BC58FC81259BF9600061F382 /* StartView.swift */ = {isa = PBXFileReference; lastKnownFileType = sourcecode.swift; path = StartView.swift; sourceTree = "<group>"; };
		BC58FCC625A93E470061F382 /* FilledButtonStyle.swift */ = {isa = PBXFileReference; lastKnownFileType = sourcecode.swift; path = FilledButtonStyle.swift; sourceTree = "<group>"; };
		BC58FCCA25ABBFE10061F382 /* PressStart2P-vaV7.ttf */ = {isa = PBXFileReference; lastKnownFileType = file; path = "PressStart2P-vaV7.ttf"; sourceTree = "<group>"; };
		BC58FCCD25ABC29F0061F382 /* CustomFont.swift */ = {isa = PBXFileReference; lastKnownFileType = sourcecode.swift; path = CustomFont.swift; sourceTree = "<group>"; };
		BC58FCD125ABE35B0061F382 /* ScoreViewModel.swift */ = {isa = PBXFileReference; lastKnownFileType = sourcecode.swift; path = ScoreViewModel.swift; sourceTree = "<group>"; };
		BC58FCD525B12F740061F382 /* ScoreView.swift */ = {isa = PBXFileReference; lastKnownFileType = sourcecode.swift; path = ScoreView.swift; sourceTree = "<group>"; };
		BC58FCDA25B3A5EB0061F382 /* AuthenticationService.swift */ = {isa = PBXFileReference; lastKnownFileType = sourcecode.swift; path = AuthenticationService.swift; sourceTree = "<group>"; };
		BC58FCE725B3E6680061F382 /* ScoreListView.swift */ = {isa = PBXFileReference; lastKnownFileType = sourcecode.swift; path = ScoreListView.swift; sourceTree = "<group>"; };
		BC58FCEC25B51A880061F382 /* StartViewModel.swift */ = {isa = PBXFileReference; lastKnownFileType = sourcecode.swift; path = StartViewModel.swift; sourceTree = "<group>"; };
		BC58FCEF25B541150061F382 /* BorderButtonStyle.swift */ = {isa = PBXFileReference; lastKnownFileType = sourcecode.swift; path = BorderButtonStyle.swift; sourceTree = "<group>"; };
		BC598AD9261283B500376541 /* TwelveFlagsTests.xctest */ = {isa = PBXFileReference; explicitFileType = wrapper.cfbundle; includeInIndex = 0; path = TwelveFlagsTests.xctest; sourceTree = BUILT_PRODUCTS_DIR; };
		BC598ADB261283B500376541 /* TwelveFlagsTests.swift */ = {isa = PBXFileReference; lastKnownFileType = sourcecode.swift; path = TwelveFlagsTests.swift; sourceTree = "<group>"; };
		BC598ADD261283B500376541 /* Info.plist */ = {isa = PBXFileReference; lastKnownFileType = text.plist.xml; path = Info.plist; sourceTree = "<group>"; };
		BC5D1A41252966950039A0D9 /* TwelveFlags.app */ = {isa = PBXFileReference; explicitFileType = wrapper.application; includeInIndex = 0; path = TwelveFlags.app; sourceTree = BUILT_PRODUCTS_DIR; };
		BC5D1A44252966950039A0D9 /* TwelveFlagsApp.swift */ = {isa = PBXFileReference; lastKnownFileType = sourcecode.swift; path = TwelveFlagsApp.swift; sourceTree = "<group>"; };
		BC5D1A46252966950039A0D9 /* ContentView.swift */ = {isa = PBXFileReference; lastKnownFileType = sourcecode.swift; path = ContentView.swift; sourceTree = "<group>"; };
		BC5D1A48252966970039A0D9 /* Assets.xcassets */ = {isa = PBXFileReference; lastKnownFileType = folder.assetcatalog; path = Assets.xcassets; sourceTree = "<group>"; };
		BC5D1A4B252966970039A0D9 /* Preview Assets.xcassets */ = {isa = PBXFileReference; lastKnownFileType = folder.assetcatalog; path = "Preview Assets.xcassets"; sourceTree = "<group>"; };
		BC5D1A4D252966970039A0D9 /* Info.plist */ = {isa = PBXFileReference; lastKnownFileType = text.plist.xml; path = Info.plist; sourceTree = "<group>"; };
		BC86B37225F41D3600EEE70A /* TwelveFlagsUITests.xctest */ = {isa = PBXFileReference; explicitFileType = wrapper.cfbundle; includeInIndex = 0; path = TwelveFlagsUITests.xctest; sourceTree = BUILT_PRODUCTS_DIR; };
		BC86B37425F41D3600EEE70A /* TwelveFlagsUITests.swift */ = {isa = PBXFileReference; lastKnownFileType = sourcecode.swift; path = TwelveFlagsUITests.swift; sourceTree = "<group>"; };
		BC86B37625F41D3600EEE70A /* Info.plist */ = {isa = PBXFileReference; lastKnownFileType = text.plist.xml; path = Info.plist; sourceTree = "<group>"; };
		BC86B37E25F4353D00EEE70A /* SnapshotHelper.swift */ = {isa = PBXFileReference; fileEncoding = 4; lastKnownFileType = sourcecode.swift; name = SnapshotHelper.swift; path = fastlane/SnapshotHelper.swift; sourceTree = SOURCE_ROOT; };
		BC8D22D125771E01001B143E /* FloatingNoticeView.swift */ = {isa = PBXFileReference; lastKnownFileType = sourcecode.swift; path = FloatingNoticeView.swift; sourceTree = "<group>"; };
		BC8D22D725774C00001B143E /* FloatingNoticeViewModel.swift */ = {isa = PBXFileReference; lastKnownFileType = sourcecode.swift; path = FloatingNoticeViewModel.swift; sourceTree = "<group>"; };
		BC8D22DE258D6C2E001B143E /* View+Glow.swift */ = {isa = PBXFileReference; lastKnownFileType = sourcecode.swift; path = "View+Glow.swift"; sourceTree = "<group>"; };
		BCB997D8256F333600BACDBC /* ContentViewModel.swift */ = {isa = PBXFileReference; lastKnownFileType = sourcecode.swift; path = ContentViewModel.swift; sourceTree = "<group>"; };
/* End PBXFileReference section */

/* Begin PBXFrameworksBuildPhase section */
		BC598AD6261283B500376541 /* Frameworks */ = {
			isa = PBXFrameworksBuildPhase;
			buildActionMask = 2147483647;
			files = (
			);
			runOnlyForDeploymentPostprocessing = 0;
		};
		BC5D1A3E252966950039A0D9 /* Frameworks */ = {
			isa = PBXFrameworksBuildPhase;
			buildActionMask = 2147483647;
			files = (
				BC58FCE425B3A8ED0061F382 /* FirebaseFirestoreSwift-Beta in Frameworks */,
				BC58FCE025B3A8ED0061F382 /* FirebaseAuth in Frameworks */,
				BC58FCE225B3A8ED0061F382 /* FirebaseFirestore in Frameworks */,
			);
			runOnlyForDeploymentPostprocessing = 0;
		};
		BC86B36F25F41D3600EEE70A /* Frameworks */ = {
			isa = PBXFrameworksBuildPhase;
			buildActionMask = 2147483647;
			files = (
			);
			runOnlyForDeploymentPostprocessing = 0;
		};
/* End PBXFrameworksBuildPhase section */

/* Begin PBXGroup section */
		BC01835B25C4E48000FE91F9 /* Start */ = {
			isa = PBXGroup;
			children = (
				BC58FCEC25B51A880061F382 /* StartViewModel.swift */,
				BC58FC81259BF9600061F382 /* StartView.swift */,
			);
			path = Start;
			sourceTree = "<group>";
		};
		BC01835C25C4E5C300FE91F9 /* Content */ = {
			isa = PBXGroup;
			children = (
				BCB997D8256F333600BACDBC /* ContentViewModel.swift */,
				BC5D1A46252966950039A0D9 /* ContentView.swift */,
			);
			path = Content;
			sourceTree = "<group>";
		};
		BC01835D25C4E5F200FE91F9 /* FloatingNotice */ = {
			isa = PBXGroup;
			children = (
				BC8D22D725774C00001B143E /* FloatingNoticeViewModel.swift */,
				BC8D22D125771E01001B143E /* FloatingNoticeView.swift */,
			);
			path = FloatingNotice;
			sourceTree = "<group>";
		};
		BC01836025C6463500FE91F9 /* Styles */ = {
			isa = PBXGroup;
			children = (
				BC58FCC625A93E470061F382 /* FilledButtonStyle.swift */,
				BC58FCEF25B541150061F382 /* BorderButtonStyle.swift */,
			);
			path = Styles;
			sourceTree = "<group>";
		};
		BC58FCC925ABBFCB0061F382 /* Fonts */ = {
			isa = PBXGroup;
			children = (
				BC58FCCA25ABBFE10061F382 /* PressStart2P-vaV7.ttf */,
				BC58FCCD25ABC29F0061F382 /* CustomFont.swift */,
			);
			path = Fonts;
			sourceTree = "<group>";
		};
		BC58FCD425B12F490061F382 /* Score */ = {
			isa = PBXGroup;
			children = (
				BC58FC70259AC9D30061F382 /* Score.swift */,
				BC58FCD125ABE35B0061F382 /* ScoreViewModel.swift */,
				BC58FCD525B12F740061F382 /* ScoreView.swift */,
				BC58FC6C259AC8BD0061F382 /* ScoreRepository.swift */,
				BC58FC7B259ACED80061F382 /* ScoreListViewModel.swift */,
				BC58FCE725B3E6680061F382 /* ScoreListView.swift */,
				BC58FC7E259AE8850061F382 /* SubmitScoreView.swift */,
			);
			path = Score;
			sourceTree = "<group>";
		};
		BC58FCD925B3A5BF0061F382 /* Services */ = {
			isa = PBXGroup;
			children = (
				BC58FCDA25B3A5EB0061F382 /* AuthenticationService.swift */,
			);
			path = Services;
			sourceTree = "<group>";
		};
		BC598ADA261283B500376541 /* TwelveFlagsTests */ = {
			isa = PBXGroup;
			children = (
				BC598ADB261283B500376541 /* TwelveFlagsTests.swift */,
				BC598ADD261283B500376541 /* Info.plist */,
			);
			path = TwelveFlagsTests;
			sourceTree = "<group>";
		};
		BC5D1A38252966950039A0D9 = {
			isa = PBXGroup;
			children = (
				BC5D1A43252966950039A0D9 /* TwelveFlags */,
				BC58FC5C259AB2810061F382 /* GoogleService-Info.plist */,
				BC58FC63259AB6B80061F382 /* AppDelegate.swift */,
				BC86B37325F41D3600EEE70A /* TwelveFlagsUITests */,
				BC598ADA261283B500376541 /* TwelveFlagsTests */,
				BC5D1A42252966950039A0D9 /* Products */,
			);
			sourceTree = "<group>";
		};
		BC5D1A42252966950039A0D9 /* Products */ = {
			isa = PBXGroup;
			children = (
				BC5D1A41252966950039A0D9 /* TwelveFlags.app */,
				BC86B37225F41D3600EEE70A /* TwelveFlagsUITests.xctest */,
				BC598AD9261283B500376541 /* TwelveFlagsTests.xctest */,
			);
			name = Products;
			sourceTree = "<group>";
		};
		BC5D1A43252966950039A0D9 /* TwelveFlags */ = {
			isa = PBXGroup;
			children = (
				BC5D1A44252966950039A0D9 /* TwelveFlagsApp.swift */,
				BC01835C25C4E5C300FE91F9 /* Content */,
				BC01835D25C4E5F200FE91F9 /* FloatingNotice */,
				BC01835B25C4E48000FE91F9 /* Start */,
				BC58FCD425B12F490061F382 /* Score */,
				BC58FCD925B3A5BF0061F382 /* Services */,
				BC01836025C6463500FE91F9 /* Styles */,
				BC8D22E2258D70CE001B143E /* Extensions */,
				BC5D1A48252966970039A0D9 /* Assets.xcassets */,
				BC58FCC925ABBFCB0061F382 /* Fonts */,
				BC5D1A4D252966970039A0D9 /* Info.plist */,
				BC5D1A4A252966970039A0D9 /* Preview Content */,
			);
			path = TwelveFlags;
			sourceTree = "<group>";
		};
		BC5D1A4A252966970039A0D9 /* Preview Content */ = {
			isa = PBXGroup;
			children = (
				BC5D1A4B252966970039A0D9 /* Preview Assets.xcassets */,
			);
			path = "Preview Content";
			sourceTree = "<group>";
		};
		BC86B37325F41D3600EEE70A /* TwelveFlagsUITests */ = {
			isa = PBXGroup;
			children = (
				BC86B37425F41D3600EEE70A /* TwelveFlagsUITests.swift */,
				BC86B37E25F4353D00EEE70A /* SnapshotHelper.swift */,
				BC86B37625F41D3600EEE70A /* Info.plist */,
			);
			path = TwelveFlagsUITests;
			sourceTree = "<group>";
		};
		BC8D22E2258D70CE001B143E /* Extensions */ = {
			isa = PBXGroup;
			children = (
				BC8D22DE258D6C2E001B143E /* View+Glow.swift */,
			);
			path = Extensions;
			sourceTree = "<group>";
		};
/* End PBXGroup section */

/* Begin PBXNativeTarget section */
		BC598AD8261283B500376541 /* TwelveFlagsTests */ = {
			isa = PBXNativeTarget;
			buildConfigurationList = BC598AE2261283B500376541 /* Build configuration list for PBXNativeTarget "TwelveFlagsTests" */;
			buildPhases = (
				BC598AD5261283B500376541 /* Sources */,
				BC598AD6261283B500376541 /* Frameworks */,
				BC598AD7261283B500376541 /* Resources */,
			);
			buildRules = (
			);
			dependencies = (
				BC598ADF261283B500376541 /* PBXTargetDependency */,
			);
			name = TwelveFlagsTests;
			productName = TwelveFlagsTests;
			productReference = BC598AD9261283B500376541 /* TwelveFlagsTests.xctest */;
			productType = "com.apple.product-type.bundle.unit-test";
		};
		BC5D1A40252966950039A0D9 /* TwelveFlags */ = {
			isa = PBXNativeTarget;
			buildConfigurationList = BC5D1A50252966970039A0D9 /* Build configuration list for PBXNativeTarget "TwelveFlags" */;
			buildPhases = (
				BC5D1A3D252966950039A0D9 /* Sources */,
				BC5D1A3E252966950039A0D9 /* Frameworks */,
				BC5D1A3F252966950039A0D9 /* Resources */,
			);
			buildRules = (
			);
			dependencies = (
			);
			name = TwelveFlags;
			packageProductDependencies = (
				BC58FCDF25B3A8ED0061F382 /* FirebaseAuth */,
				BC58FCE125B3A8ED0061F382 /* FirebaseFirestore */,
				BC58FCE325B3A8ED0061F382 /* FirebaseFirestoreSwift-Beta */,
			);
			productName = TwelveFlags;
			productReference = BC5D1A41252966950039A0D9 /* TwelveFlags.app */;
			productType = "com.apple.product-type.application";
		};
		BC86B37125F41D3600EEE70A /* TwelveFlagsUITests */ = {
			isa = PBXNativeTarget;
			buildConfigurationList = BC86B37B25F41D3600EEE70A /* Build configuration list for PBXNativeTarget "TwelveFlagsUITests" */;
			buildPhases = (
				BC86B36E25F41D3600EEE70A /* Sources */,
				BC86B36F25F41D3600EEE70A /* Frameworks */,
				BC86B37025F41D3600EEE70A /* Resources */,
			);
			buildRules = (
			);
			dependencies = (
				BC86B37825F41D3600EEE70A /* PBXTargetDependency */,
			);
			name = TwelveFlagsUITests;
			productName = TwelveFlagsUITests;
			productReference = BC86B37225F41D3600EEE70A /* TwelveFlagsUITests.xctest */;
			productType = "com.apple.product-type.bundle.ui-testing";
		};
/* End PBXNativeTarget section */

/* Begin PBXProject section */
		BC5D1A39252966950039A0D9 /* Project object */ = {
			isa = PBXProject;
			attributes = {
				LastSwiftUpdateCheck = 1240;
				LastUpgradeCheck = 1200;
				TargetAttributes = {
					BC598AD8261283B500376541 = {
						CreatedOnToolsVersion = 12.4;
						TestTargetID = BC5D1A40252966950039A0D9;
					};
					BC5D1A40252966950039A0D9 = {
						CreatedOnToolsVersion = 12.0;
					};
					BC86B37125F41D3600EEE70A = {
						CreatedOnToolsVersion = 12.4;
						TestTargetID = BC5D1A40252966950039A0D9;
					};
				};
			};
			buildConfigurationList = BC5D1A3C252966950039A0D9 /* Build configuration list for PBXProject "TwelveFlags" */;
			compatibilityVersion = "Xcode 9.3";
			developmentRegion = en;
			hasScannedForEncodings = 0;
			knownRegions = (
				en,
				Base,
			);
			mainGroup = BC5D1A38252966950039A0D9;
			packageReferences = (
				BC58FCDE25B3A8ED0061F382 /* XCRemoteSwiftPackageReference "firebase-ios-sdk" */,
			);
			productRefGroup = BC5D1A42252966950039A0D9 /* Products */;
			projectDirPath = "";
			projectRoot = "";
			targets = (
				BC5D1A40252966950039A0D9 /* TwelveFlags */,
				BC86B37125F41D3600EEE70A /* TwelveFlagsUITests */,
				BC598AD8261283B500376541 /* TwelveFlagsTests */,
			);
		};
/* End PBXProject section */

/* Begin PBXResourcesBuildPhase section */
		BC598AD7261283B500376541 /* Resources */ = {
			isa = PBXResourcesBuildPhase;
			buildActionMask = 2147483647;
			files = (
			);
			runOnlyForDeploymentPostprocessing = 0;
		};
		BC5D1A3F252966950039A0D9 /* Resources */ = {
			isa = PBXResourcesBuildPhase;
			buildActionMask = 2147483647;
			files = (
				BC5D1A4C252966970039A0D9 /* Preview Assets.xcassets in Resources */,
				BC5D1A49252966970039A0D9 /* Assets.xcassets in Resources */,
				BC58FC5D259AB2810061F382 /* GoogleService-Info.plist in Resources */,
				BC58FCCB25ABBFFA0061F382 /* PressStart2P-vaV7.ttf in Resources */,
			);
			runOnlyForDeploymentPostprocessing = 0;
		};
		BC86B37025F41D3600EEE70A /* Resources */ = {
			isa = PBXResourcesBuildPhase;
			buildActionMask = 2147483647;
			files = (
			);
			runOnlyForDeploymentPostprocessing = 0;
		};
/* End PBXResourcesBuildPhase section */

/* Begin PBXSourcesBuildPhase section */
		BC598AD5261283B500376541 /* Sources */ = {
			isa = PBXSourcesBuildPhase;
			buildActionMask = 2147483647;
			files = (
				BC598ADC261283B500376541 /* TwelveFlagsTests.swift in Sources */,
			);
			runOnlyForDeploymentPostprocessing = 0;
		};
		BC5D1A3D252966950039A0D9 /* Sources */ = {
			isa = PBXSourcesBuildPhase;
			buildActionMask = 2147483647;
			files = (
				BC58FCC725A93E470061F382 /* FilledButtonStyle.swift in Sources */,
				BC58FCD625B12F740061F382 /* ScoreView.swift in Sources */,
				BC8D22DF258D6C2E001B143E /* View+Glow.swift in Sources */,
				BC8D22D225771E01001B143E /* FloatingNoticeView.swift in Sources */,
				BC5D1A47252966950039A0D9 /* ContentView.swift in Sources */,
				BC58FC82259BF9600061F382 /* StartView.swift in Sources */,
				BC5D1A45252966950039A0D9 /* TwelveFlagsApp.swift in Sources */,
				BC58FCD225ABE35B0061F382 /* ScoreViewModel.swift in Sources */,
				BC58FC6D259AC8BD0061F382 /* ScoreRepository.swift in Sources */,
				BC58FC64259AB6B80061F382 /* AppDelegate.swift in Sources */,
				BC8D22D825774C00001B143E /* FloatingNoticeViewModel.swift in Sources */,
				BC58FCCE25ABC29F0061F382 /* CustomFont.swift in Sources */,
				BC58FC71259AC9D30061F382 /* Score.swift in Sources */,
				BC58FCF025B541150061F382 /* BorderButtonStyle.swift in Sources */,
				BC58FCDB25B3A5EB0061F382 /* AuthenticationService.swift in Sources */,
				BC58FCED25B51A880061F382 /* StartViewModel.swift in Sources */,
				BCB997D9256F333600BACDBC /* ContentViewModel.swift in Sources */,
				BC58FCE825B3E6680061F382 /* ScoreListView.swift in Sources */,
				BC58FC7C259ACED80061F382 /* ScoreListViewModel.swift in Sources */,
				BC58FC7F259AE8850061F382 /* SubmitScoreView.swift in Sources */,
			);
			runOnlyForDeploymentPostprocessing = 0;
		};
		BC86B36E25F41D3600EEE70A /* Sources */ = {
			isa = PBXSourcesBuildPhase;
			buildActionMask = 2147483647;
			files = (
				BC86B37525F41D3600EEE70A /* TwelveFlagsUITests.swift in Sources */,
				BC86B37F25F4353D00EEE70A /* SnapshotHelper.swift in Sources */,
			);
			runOnlyForDeploymentPostprocessing = 0;
		};
/* End PBXSourcesBuildPhase section */

/* Begin PBXTargetDependency section */
		BC598ADF261283B500376541 /* PBXTargetDependency */ = {
			isa = PBXTargetDependency;
			target = BC5D1A40252966950039A0D9 /* TwelveFlags */;
			targetProxy = BC598ADE261283B500376541 /* PBXContainerItemProxy */;
		};
		BC86B37825F41D3600EEE70A /* PBXTargetDependency */ = {
			isa = PBXTargetDependency;
			target = BC5D1A40252966950039A0D9 /* TwelveFlags */;
			targetProxy = BC86B37725F41D3600EEE70A /* PBXContainerItemProxy */;
		};
/* End PBXTargetDependency section */

/* Begin XCBuildConfiguration section */
		BC598AE0261283B500376541 /* Debug */ = {
			isa = XCBuildConfiguration;
			buildSettings = {
				BUNDLE_LOADER = "$(TEST_HOST)";
				CODE_SIGN_STYLE = Automatic;
				INFOPLIST_FILE = TwelveFlagsTests/Info.plist;
				IPHONEOS_DEPLOYMENT_TARGET = 14.4;
				LD_RUNPATH_SEARCH_PATHS = (
					"$(inherited)",
					"@executable_path/Frameworks",
					"@loader_path/Frameworks",
				);
				PRODUCT_BUNDLE_IDENTIFIER = com.rnd.TwelveFlagsTests;
				PRODUCT_NAME = "$(TARGET_NAME)";
				SWIFT_VERSION = 5.0;
				TARGETED_DEVICE_FAMILY = "1,2";
				TEST_HOST = "$(BUILT_PRODUCTS_DIR)/TwelveFlags.app/TwelveFlags";
			};
			name = Debug;
		};
		BC598AE1261283B500376541 /* Release */ = {
			isa = XCBuildConfiguration;
			buildSettings = {
				BUNDLE_LOADER = "$(TEST_HOST)";
				CODE_SIGN_STYLE = Automatic;
				INFOPLIST_FILE = TwelveFlagsTests/Info.plist;
				IPHONEOS_DEPLOYMENT_TARGET = 14.4;
				LD_RUNPATH_SEARCH_PATHS = (
					"$(inherited)",
					"@executable_path/Frameworks",
					"@loader_path/Frameworks",
				);
				PRODUCT_BUNDLE_IDENTIFIER = com.rnd.TwelveFlagsTests;
				PRODUCT_NAME = "$(TARGET_NAME)";
				SWIFT_VERSION = 5.0;
				TARGETED_DEVICE_FAMILY = "1,2";
				TEST_HOST = "$(BUILT_PRODUCTS_DIR)/TwelveFlags.app/TwelveFlags";
			};
			name = Release;
		};
		BC5D1A4E252966970039A0D9 /* Debug */ = {
			isa = XCBuildConfiguration;
			buildSettings = {
				ALWAYS_SEARCH_USER_PATHS = NO;
				CLANG_ANALYZER_NONNULL = YES;
				CLANG_ANALYZER_NUMBER_OBJECT_CONVERSION = YES_AGGRESSIVE;
				CLANG_CXX_LANGUAGE_STANDARD = "gnu++14";
				CLANG_CXX_LIBRARY = "libc++";
				CLANG_ENABLE_MODULES = YES;
				CLANG_ENABLE_OBJC_ARC = YES;
				CLANG_ENABLE_OBJC_WEAK = YES;
				CLANG_WARN_BLOCK_CAPTURE_AUTORELEASING = YES;
				CLANG_WARN_BOOL_CONVERSION = YES;
				CLANG_WARN_COMMA = YES;
				CLANG_WARN_CONSTANT_CONVERSION = YES;
				CLANG_WARN_DEPRECATED_OBJC_IMPLEMENTATIONS = YES;
				CLANG_WARN_DIRECT_OBJC_ISA_USAGE = YES_ERROR;
				CLANG_WARN_DOCUMENTATION_COMMENTS = YES;
				CLANG_WARN_EMPTY_BODY = YES;
				CLANG_WARN_ENUM_CONVERSION = YES;
				CLANG_WARN_INFINITE_RECURSION = YES;
				CLANG_WARN_INT_CONVERSION = YES;
				CLANG_WARN_NON_LITERAL_NULL_CONVERSION = YES;
				CLANG_WARN_OBJC_IMPLICIT_RETAIN_SELF = YES;
				CLANG_WARN_OBJC_LITERAL_CONVERSION = YES;
				CLANG_WARN_OBJC_ROOT_CLASS = YES_ERROR;
				CLANG_WARN_QUOTED_INCLUDE_IN_FRAMEWORK_HEADER = YES;
				CLANG_WARN_RANGE_LOOP_ANALYSIS = YES;
				CLANG_WARN_STRICT_PROTOTYPES = YES;
				CLANG_WARN_SUSPICIOUS_MOVE = YES;
				CLANG_WARN_UNGUARDED_AVAILABILITY = YES_AGGRESSIVE;
				CLANG_WARN_UNREACHABLE_CODE = YES;
				CLANG_WARN__DUPLICATE_METHOD_MATCH = YES;
				COPY_PHASE_STRIP = NO;
				DEBUG_INFORMATION_FORMAT = dwarf;
				ENABLE_STRICT_OBJC_MSGSEND = YES;
				ENABLE_TESTABILITY = YES;
				GCC_C_LANGUAGE_STANDARD = gnu11;
				GCC_DYNAMIC_NO_PIC = NO;
				GCC_NO_COMMON_BLOCKS = YES;
				GCC_OPTIMIZATION_LEVEL = 0;
				GCC_PREPROCESSOR_DEFINITIONS = (
					"DEBUG=1",
					"$(inherited)",
				);
				GCC_WARN_64_TO_32_BIT_CONVERSION = YES;
				GCC_WARN_ABOUT_RETURN_TYPE = YES_ERROR;
				GCC_WARN_UNDECLARED_SELECTOR = YES;
				GCC_WARN_UNINITIALIZED_AUTOS = YES_AGGRESSIVE;
				GCC_WARN_UNUSED_FUNCTION = YES;
				GCC_WARN_UNUSED_VARIABLE = YES;
				IPHONEOS_DEPLOYMENT_TARGET = 14.0;
				MTL_ENABLE_DEBUG_INFO = INCLUDE_SOURCE;
				MTL_FAST_MATH = YES;
				ONLY_ACTIVE_ARCH = YES;
				SDKROOT = iphoneos;
				SWIFT_ACTIVE_COMPILATION_CONDITIONS = DEBUG;
				SWIFT_OPTIMIZATION_LEVEL = "-Onone";
			};
			name = Debug;
		};
		BC5D1A4F252966970039A0D9 /* Release */ = {
			isa = XCBuildConfiguration;
			buildSettings = {
				ALWAYS_SEARCH_USER_PATHS = NO;
				CLANG_ANALYZER_NONNULL = YES;
				CLANG_ANALYZER_NUMBER_OBJECT_CONVERSION = YES_AGGRESSIVE;
				CLANG_CXX_LANGUAGE_STANDARD = "gnu++14";
				CLANG_CXX_LIBRARY = "libc++";
				CLANG_ENABLE_MODULES = YES;
				CLANG_ENABLE_OBJC_ARC = YES;
				CLANG_ENABLE_OBJC_WEAK = YES;
				CLANG_WARN_BLOCK_CAPTURE_AUTORELEASING = YES;
				CLANG_WARN_BOOL_CONVERSION = YES;
				CLANG_WARN_COMMA = YES;
				CLANG_WARN_CONSTANT_CONVERSION = YES;
				CLANG_WARN_DEPRECATED_OBJC_IMPLEMENTATIONS = YES;
				CLANG_WARN_DIRECT_OBJC_ISA_USAGE = YES_ERROR;
				CLANG_WARN_DOCUMENTATION_COMMENTS = YES;
				CLANG_WARN_EMPTY_BODY = YES;
				CLANG_WARN_ENUM_CONVERSION = YES;
				CLANG_WARN_INFINITE_RECURSION = YES;
				CLANG_WARN_INT_CONVERSION = YES;
				CLANG_WARN_NON_LITERAL_NULL_CONVERSION = YES;
				CLANG_WARN_OBJC_IMPLICIT_RETAIN_SELF = YES;
				CLANG_WARN_OBJC_LITERAL_CONVERSION = YES;
				CLANG_WARN_OBJC_ROOT_CLASS = YES_ERROR;
				CLANG_WARN_QUOTED_INCLUDE_IN_FRAMEWORK_HEADER = YES;
				CLANG_WARN_RANGE_LOOP_ANALYSIS = YES;
				CLANG_WARN_STRICT_PROTOTYPES = YES;
				CLANG_WARN_SUSPICIOUS_MOVE = YES;
				CLANG_WARN_UNGUARDED_AVAILABILITY = YES_AGGRESSIVE;
				CLANG_WARN_UNREACHABLE_CODE = YES;
				CLANG_WARN__DUPLICATE_METHOD_MATCH = YES;
				COPY_PHASE_STRIP = NO;
				DEBUG_INFORMATION_FORMAT = "dwarf-with-dsym";
				ENABLE_NS_ASSERTIONS = NO;
				ENABLE_STRICT_OBJC_MSGSEND = YES;
				GCC_C_LANGUAGE_STANDARD = gnu11;
				GCC_NO_COMMON_BLOCKS = YES;
				GCC_WARN_64_TO_32_BIT_CONVERSION = YES;
				GCC_WARN_ABOUT_RETURN_TYPE = YES_ERROR;
				GCC_WARN_UNDECLARED_SELECTOR = YES;
				GCC_WARN_UNINITIALIZED_AUTOS = YES_AGGRESSIVE;
				GCC_WARN_UNUSED_FUNCTION = YES;
				GCC_WARN_UNUSED_VARIABLE = YES;
				IPHONEOS_DEPLOYMENT_TARGET = 14.0;
				MTL_ENABLE_DEBUG_INFO = NO;
				MTL_FAST_MATH = YES;
				SDKROOT = iphoneos;
				SWIFT_COMPILATION_MODE = wholemodule;
				SWIFT_OPTIMIZATION_LEVEL = "-O";
				VALIDATE_PRODUCT = YES;
			};
			name = Release;
		};
		BC5D1A51252966970039A0D9 /* Debug */ = {
			isa = XCBuildConfiguration;
			buildSettings = {
				ASSETCATALOG_COMPILER_APPICON_NAME = AppIcon;
				ASSETCATALOG_COMPILER_GLOBAL_ACCENT_COLOR_NAME = AccentColor;
				CODE_SIGN_STYLE = Automatic;
				DEVELOPMENT_ASSET_PATHS = "\"TwelveFlags/Preview Content\"";
				ENABLE_PREVIEWS = YES;
				INFOPLIST_FILE = TwelveFlags/Info.plist;
				IPHONEOS_DEPLOYMENT_TARGET = 14.0;
				LD_RUNPATH_SEARCH_PATHS = (
					"$(inherited)",
					"@executable_path/Frameworks",
				);
				PRODUCT_BUNDLE_IDENTIFIER = com.rnd.TwelveFlags;
				PRODUCT_NAME = "$(TARGET_NAME)";
				SWIFT_VERSION = 5.0;
				TARGETED_DEVICE_FAMILY = "1,2";
			};
			name = Debug;
		};
		BC5D1A52252966970039A0D9 /* Release */ = {
			isa = XCBuildConfiguration;
			buildSettings = {
				ASSETCATALOG_COMPILER_APPICON_NAME = AppIcon;
				ASSETCATALOG_COMPILER_GLOBAL_ACCENT_COLOR_NAME = AccentColor;
				CODE_SIGN_STYLE = Automatic;
				DEVELOPMENT_ASSET_PATHS = "\"TwelveFlags/Preview Content\"";
				ENABLE_PREVIEWS = YES;
				INFOPLIST_FILE = TwelveFlags/Info.plist;
				IPHONEOS_DEPLOYMENT_TARGET = 14.0;
				LD_RUNPATH_SEARCH_PATHS = (
					"$(inherited)",
					"@executable_path/Frameworks",
				);
				PRODUCT_BUNDLE_IDENTIFIER = com.rnd.TwelveFlags;
				PRODUCT_NAME = "$(TARGET_NAME)";
				SWIFT_VERSION = 5.0;
				TARGETED_DEVICE_FAMILY = "1,2";
			};
			name = Release;
		};
		BC86B37925F41D3600EEE70A /* Debug */ = {
			isa = XCBuildConfiguration;
			buildSettings = {
				CODE_SIGN_STYLE = Automatic;
				DEVELOPMENT_TEAM = "";
				INFOPLIST_FILE = TwelveFlagsUITests/Info.plist;
				IPHONEOS_DEPLOYMENT_TARGET = 14.4;
				LD_RUNPATH_SEARCH_PATHS = (
					"$(inherited)",
					"@executable_path/Frameworks",
					"@loader_path/Frameworks",
				);
				PRODUCT_BUNDLE_IDENTIFIER = com.rnd.TwelveFlagsUITests;
				PRODUCT_NAME = "$(TARGET_NAME)";
				SWIFT_VERSION = 5.0;
				TARGETED_DEVICE_FAMILY = "1,2";
				TEST_TARGET_NAME = TwelveFlags;
			};
			name = Debug;
		};
		BC86B37A25F41D3600EEE70A /* Release */ = {
			isa = XCBuildConfiguration;
			buildSettings = {
				CODE_SIGN_STYLE = Automatic;
				DEVELOPMENT_TEAM = "";
				INFOPLIST_FILE = TwelveFlagsUITests/Info.plist;
				IPHONEOS_DEPLOYMENT_TARGET = 14.4;
				LD_RUNPATH_SEARCH_PATHS = (
					"$(inherited)",
					"@executable_path/Frameworks",
					"@loader_path/Frameworks",
				);
				PRODUCT_BUNDLE_IDENTIFIER = com.rnd.TwelveFlagsUITests;
				PRODUCT_NAME = "$(TARGET_NAME)";
				SWIFT_VERSION = 5.0;
				TARGETED_DEVICE_FAMILY = "1,2";
				TEST_TARGET_NAME = TwelveFlags;
			};
			name = Release;
		};
/* End XCBuildConfiguration section */

/* Begin XCConfigurationList section */
		BC598AE2261283B500376541 /* Build configuration list for PBXNativeTarget "TwelveFlagsTests" */ = {
			isa = XCConfigurationList;
			buildConfigurations = (
				BC598AE0261283B500376541 /* Debug */,
				BC598AE1261283B500376541 /* Release */,
			);
			defaultConfigurationIsVisible = 0;
			defaultConfigurationName = Release;
		};
		BC5D1A3C252966950039A0D9 /* Build configuration list for PBXProject "TwelveFlags" */ = {
			isa = XCConfigurationList;
			buildConfigurations = (
				BC5D1A4E252966970039A0D9 /* Debug */,
				BC5D1A4F252966970039A0D9 /* Release */,
			);
			defaultConfigurationIsVisible = 0;
			defaultConfigurationName = Release;
		};
		BC5D1A50252966970039A0D9 /* Build configuration list for PBXNativeTarget "TwelveFlags" */ = {
			isa = XCConfigurationList;
			buildConfigurations = (
				BC5D1A51252966970039A0D9 /* Debug */,
				BC5D1A52252966970039A0D9 /* Release */,
			);
			defaultConfigurationIsVisible = 0;
			defaultConfigurationName = Release;
		};
		BC86B37B25F41D3600EEE70A /* Build configuration list for PBXNativeTarget "TwelveFlagsUITests" */ = {
			isa = XCConfigurationList;
			buildConfigurations = (
				BC86B37925F41D3600EEE70A /* Debug */,
				BC86B37A25F41D3600EEE70A /* Release */,
			);
			defaultConfigurationIsVisible = 0;
			defaultConfigurationName = Release;
		};
/* End XCConfigurationList section */

/* Begin XCRemoteSwiftPackageReference section */
		BC58FCDE25B3A8ED0061F382 /* XCRemoteSwiftPackageReference "firebase-ios-sdk" */ = {
			isa = XCRemoteSwiftPackageReference;
			repositoryURL = "https://github.com/firebase/firebase-ios-sdk.git";
			requirement = {
				kind = upToNextMajorVersion;
				minimumVersion = 7.4.0;
			};
		};
/* End XCRemoteSwiftPackageReference section */

/* Begin XCSwiftPackageProductDependency section */
		BC58FCDF25B3A8ED0061F382 /* FirebaseAuth */ = {
			isa = XCSwiftPackageProductDependency;
			package = BC58FCDE25B3A8ED0061F382 /* XCRemoteSwiftPackageReference "firebase-ios-sdk" */;
			productName = FirebaseAuth;
		};
		BC58FCE125B3A8ED0061F382 /* FirebaseFirestore */ = {
			isa = XCSwiftPackageProductDependency;
			package = BC58FCDE25B3A8ED0061F382 /* XCRemoteSwiftPackageReference "firebase-ios-sdk" */;
			productName = FirebaseFirestore;
		};
		BC58FCE325B3A8ED0061F382 /* FirebaseFirestoreSwift-Beta */ = {
			isa = XCSwiftPackageProductDependency;
			package = BC58FCDE25B3A8ED0061F382 /* XCRemoteSwiftPackageReference "firebase-ios-sdk" */;
			productName = "FirebaseFirestoreSwift-Beta";
		};
/* End XCSwiftPackageProductDependency section */
	};
	rootObject = BC5D1A39252966950039A0D9 /* Project object */;
}
